<?xml version="1.0" encoding="utf-8"?>
<Project ToolsVersion="4.0" xmlns="http://schemas.microsoft.com/developer/msbuild/2003">
  <ItemGroup>
    <ClCompile Include="TupiLib_Teste.cpp" />
    <ClCompile Include="CmdStd.cpp">
      <Filter>Origem</Filter>
    </ClCompile>
    <ClCompile Include="Numb2Str.cpp">
      <Filter>Origem</Filter>
    </ClCompile>
    <ClCompile Include="Str2Numb.cpp">
      <Filter>Origem</Filter>
    </ClCompile>
  </ItemGroup>
  <ItemGroup>
    <Filter Include="Origem">
      <UniqueIdentifier>{36aec4e3-b1d9-4e9c-b3df-ac56c9776f2e}</UniqueIdentifier>
    </Filter>
    <Filter Include="Header">
      <UniqueIdentifier>{cb782479-5485-472a-80b0-cf3680599f2b}</UniqueIdentifier>
    </Filter>
  </ItemGroup>
</Project>